
Microsoft Visual Studio Solution File, Format Version 12.00
# Visual Studio Version 17
VisualStudioVersion = 17.5.33516.290
MinimumVisualStudioVersion = 10.0.40219.1
Project("{FAE04EC0-301F-11D3-BF4B-00C04F79EFBC}") = "WingtipToys", "Testing\WingtipToys.csproj", "{A94AF051-3291-4868-A677-658FC31DCD0D}"
EndProject
Project("{FAE04EC0-301F-11D3-BF4B-00C04F79EFBC}") = "WingtipToys.Tests", "Testing.Tests\WingtipToys.Tests.csproj", "{AF02907B-E8AB-4B9F-A56D-94A520CCE4DE}"
EndProject
Global
	GlobalSection(SolutionConfigurationPlatforms) = preSolution
		Debug|Any CPU = Debug|Any CPU
		Release|Any CPU = Release|Any CPU
	EndGlobalSection
	GlobalSection(ProjectConfigurationPlatforms) = postSolution
		{A94AF051-3291-4868-A677-658FC31DCD0D}.Debug|Any CPU.ActiveCfg = Debug|Any CPU
		{A94AF051-3291-4868-A677-658FC31DCD0D}.Debug|Any CPU.Build.0 = Debug|Any CPU
		{A94AF051-3291-4868-A677-658FC31DCD0D}.Release|Any CPU.ActiveCfg = Release|Any CPU
		{A94AF051-3291-4868-A677-658FC31DCD0D}.Release|Any CPU.Build.0 = Release|Any CPU
		{AF02907B-E8AB-4B9F-A56D-94A520CCE4DE}.Debug|Any CPU.ActiveCfg = Debug|Any CPU
		{AF02907B-E8AB-4B9F-A56D-94A520CCE4DE}.Debug|Any CPU.Build.0 = Debug|Any CPU
		{AF02907B-E8AB-4B9F-A56D-94A520CCE4DE}.Release|Any CPU.ActiveCfg = Release|Any CPU
		{AF02907B-E8AB-4B9F-A56D-94A520CCE4DE}.Release|Any CPU.Build.0 = Release|Any CPU
	EndGlobalSection
	GlobalSection(SolutionProperties) = preSolution
		HideSolutionNode = FALSE
	EndGlobalSection
	GlobalSection(ExtensibilityGlobals) = postSolution
		SolutionGuid = {CFE2E75D-00F6-47C6-ADB8-03BDEE64F232}
	EndGlobalSection
EndGlobal
